
Microsoft Visual Studio Solution File, Format Version 12.00
# Visual Studio Version 18
VisualStudioVersion = 18.0.11205.157
MinimumVisualStudioVersion = 10.0.40219.1
Project("{FAE04EC0-301F-11D3-BF4B-00C04F79EFBC}") = "Linkr.Domain", "Linkr.Domain\Linkr.Domain.csproj", "{D67E413D-CB1B-462F-B27C-235B611A931F}"
EndProject
Project("{E53339B2-1760-4266-BCC7-CA923CBCF16C}") = "docker-compose", "docker-compose.dcproj", "{81DDED9D-158B-E303-5F62-77A2896D2A5A}"
EndProject
Project("{FAE04EC0-301F-11D3-BF4B-00C04F79EFBC}") = "Linkr.Api", "Linkr.Api\Linkr.Api.csproj", "{2CF255D1-753A-8D3C-FD62-28DCEE659BFD}"
EndProject
Project("{FAE04EC0-301F-11D3-BF4B-00C04F79EFBC}") = "Linkr.Infrastructure", "Linkr.Infrastructure\Linkr.Infrastructure.csproj", "{B26F1F70-CAE8-DDA8-99E7-6071B1FDBA68}"
EndProject
Global
	GlobalSection(SolutionConfigurationPlatforms) = preSolution
		Debug|Any CPU = Debug|Any CPU
		Debug|x64 = Debug|x64
		Debug|x86 = Debug|x86
		Release|Any CPU = Release|Any CPU
		Release|x64 = Release|x64
		Release|x86 = Release|x86
	EndGlobalSection
	GlobalSection(ProjectConfigurationPlatforms) = postSolution
		{D67E413D-CB1B-462F-B27C-235B611A931F}.Debug|Any CPU.ActiveCfg = Debug|Any CPU
		{D67E413D-CB1B-462F-B27C-235B611A931F}.Debug|Any CPU.Build.0 = Debug|Any CPU
		{D67E413D-CB1B-462F-B27C-235B611A931F}.Debug|x64.ActiveCfg = Debug|Any CPU
		{D67E413D-CB1B-462F-B27C-235B611A931F}.Debug|x64.Build.0 = Debug|Any CPU
		{D67E413D-CB1B-462F-B27C-235B611A931F}.Debug|x86.ActiveCfg = Debug|Any CPU
		{D67E413D-CB1B-462F-B27C-235B611A931F}.Debug|x86.Build.0 = Debug|Any CPU
		{D67E413D-CB1B-462F-B27C-235B611A931F}.Release|Any CPU.ActiveCfg = Release|Any CPU
		{D67E413D-CB1B-462F-B27C-235B611A931F}.Release|Any CPU.Build.0 = Release|Any CPU
		{D67E413D-CB1B-462F-B27C-235B611A931F}.Release|x64.ActiveCfg = Release|Any CPU
		{D67E413D-CB1B-462F-B27C-235B611A931F}.Release|x64.Build.0 = Release|Any CPU
		{D67E413D-CB1B-462F-B27C-235B611A931F}.Release|x86.ActiveCfg = Release|Any CPU
		{D67E413D-CB1B-462F-B27C-235B611A931F}.Release|x86.Build.0 = Release|Any CPU
		{81DDED9D-158B-E303-5F62-77A2896D2A5A}.Debug|Any CPU.ActiveCfg = Debug|Any CPU
		{81DDED9D-158B-E303-5F62-77A2896D2A5A}.Debug|Any CPU.Build.0 = Debug|Any CPU
		{81DDED9D-158B-E303-5F62-77A2896D2A5A}.Debug|x64.ActiveCfg = Debug|Any CPU
		{81DDED9D-158B-E303-5F62-77A2896D2A5A}.Debug|x64.Build.0 = Debug|Any CPU
		{81DDED9D-158B-E303-5F62-77A2896D2A5A}.Debug|x86.ActiveCfg = Debug|Any CPU
		{81DDED9D-158B-E303-5F62-77A2896D2A5A}.Debug|x86.Build.0 = Debug|Any CPU
		{81DDED9D-158B-E303-5F62-77A2896D2A5A}.Release|Any CPU.ActiveCfg = Release|Any CPU
		{81DDED9D-158B-E303-5F62-77A2896D2A5A}.Release|Any CPU.Build.0 = Release|Any CPU
		{81DDED9D-158B-E303-5F62-77A2896D2A5A}.Release|x64.ActiveCfg = Release|Any CPU
		{81DDED9D-158B-E303-5F62-77A2896D2A5A}.Release|x64.Build.0 = Release|Any CPU
		{81DDED9D-158B-E303-5F62-77A2896D2A5A}.Release|x86.ActiveCfg = Release|Any CPU
		{81DDED9D-158B-E303-5F62-77A2896D2A5A}.Release|x86.Build.0 = Release|Any CPU
		{2CF255D1-753A-8D3C-FD62-28DCEE659BFD}.Debug|Any CPU.ActiveCfg = Debug|Any CPU
		{2CF255D1-753A-8D3C-FD62-28DCEE659BFD}.Debug|Any CPU.Build.0 = Debug|Any CPU
		{2CF255D1-753A-8D3C-FD62-28DCEE659BFD}.Debug|x64.ActiveCfg = Debug|Any CPU
		{2CF255D1-753A-8D3C-FD62-28DCEE659BFD}.Debug|x64.Build.0 = Debug|Any CPU
		{2CF255D1-753A-8D3C-FD62-28DCEE659BFD}.Debug|x86.ActiveCfg = Debug|Any CPU
		{2CF255D1-753A-8D3C-FD62-28DCEE659BFD}.Debug|x86.Build.0 = Debug|Any CPU
		{2CF255D1-753A-8D3C-FD62-28DCEE659BFD}.Release|Any CPU.ActiveCfg = Release|Any CPU
		{2CF255D1-753A-8D3C-FD62-28DCEE659BFD}.Release|Any CPU.Build.0 = Release|Any CPU
		{2CF255D1-753A-8D3C-FD62-28DCEE659BFD}.Release|x64.ActiveCfg = Release|Any CPU
		{2CF255D1-753A-8D3C-FD62-28DCEE659BFD}.Release|x64.Build.0 = Release|Any CPU
		{2CF255D1-753A-8D3C-FD62-28DCEE659BFD}.Release|x86.ActiveCfg = Release|Any CPU
		{2CF255D1-753A-8D3C-FD62-28DCEE659BFD}.Release|x86.Build.0 = Release|Any CPU
		{B26F1F70-CAE8-DDA8-99E7-6071B1FDBA68}.Debug|Any CPU.ActiveCfg = Debug|Any CPU
		{B26F1F70-CAE8-DDA8-99E7-6071B1FDBA68}.Debug|Any CPU.Build.0 = Debug|Any CPU
		{B26F1F70-CAE8-DDA8-99E7-6071B1FDBA68}.Debug|x64.ActiveCfg = Debug|Any CPU
		{B26F1F70-CAE8-DDA8-99E7-6071B1FDBA68}.Debug|x64.Build.0 = Debug|Any CPU
		{B26F1F70-CAE8-DDA8-99E7-6071B1FDBA68}.Debug|x86.ActiveCfg = Debug|Any CPU
		{B26F1F70-CAE8-DDA8-99E7-6071B1FDBA68}.Debug|x86.Build.0 = Debug|Any CPU
		{B26F1F70-CAE8-DDA8-99E7-6071B1FDBA68}.Release|Any CPU.ActiveCfg = Release|Any CPU
		{B26F1F70-CAE8-DDA8-99E7-6071B1FDBA68}.Release|Any CPU.Build.0 = Release|Any CPU
		{B26F1F70-CAE8-DDA8-99E7-6071B1FDBA68}.Release|x64.ActiveCfg = Release|Any CPU
		{B26F1F70-CAE8-DDA8-99E7-6071B1FDBA68}.Release|x64.Build.0 = Release|Any CPU
		{B26F1F70-CAE8-DDA8-99E7-6071B1FDBA68}.Release|x86.ActiveCfg = Release|Any CPU
		{B26F1F70-CAE8-DDA8-99E7-6071B1FDBA68}.Release|x86.Build.0 = Release|Any CPU
	EndGlobalSection
	GlobalSection(SolutionProperties) = preSolution
		HideSolutionNode = FALSE
	EndGlobalSection
	GlobalSection(ExtensibilityGlobals) = postSolution
		SolutionGuid = {841E66CF-2DD0-483E-8603-384124E4BAF4}
	EndGlobalSection
EndGlobal
